
Microsoft Visual Studio Solution File, Format Version 12.00
# Visual Studio Version 16
VisualStudioVersion = 16.0.33328.57
MinimumVisualStudioVersion = 10.0.40219.1
Project("{FAE04EC0-301F-11D3-BF4B-00C04F79EFBC}") = "BaiThucHanhBuoi1", "BaiThucHanhBuoi1\BaiThucHanhBuoi1.csproj", "{DAAB67FA-42E0-4E5F-81FB-8943AAB24BD6}"
EndProject
Project("{FAE04EC0-301F-11D3-BF4B-00C04F79EFBC}") = "Bai2", "Bai2\Bai2.csproj", "{8B965C70-F7E0-45D2-8DB8-8F616E5D06E8}"
EndProject
Global
	GlobalSection(SolutionConfigurationPlatforms) = preSolution
		Debug|Any CPU = Debug|Any CPU
		Release|Any CPU = Release|Any CPU
	EndGlobalSection
	GlobalSection(ProjectConfigurationPlatforms) = postSolution
		{DAAB67FA-42E0-4E5F-81FB-8943AAB24BD6}.Debug|Any CPU.ActiveCfg = Debug|Any CPU
		{DAAB67FA-42E0-4E5F-81FB-8943AAB24BD6}.Debug|Any CPU.Build.0 = Debug|Any CPU
		{DAAB67FA-42E0-4E5F-81FB-8943AAB24BD6}.Release|Any CPU.ActiveCfg = Release|Any CPU
		{DAAB67FA-42E0-4E5F-81FB-8943AAB24BD6}.Release|Any CPU.Build.0 = Release|Any CPU
		{8B965C70-F7E0-45D2-8DB8-8F616E5D06E8}.Debug|Any CPU.ActiveCfg = Debug|Any CPU
		{8B965C70-F7E0-45D2-8DB8-8F616E5D06E8}.Debug|Any CPU.Build.0 = Debug|Any CPU
		{8B965C70-F7E0-45D2-8DB8-8F616E5D06E8}.Release|Any CPU.ActiveCfg = Release|Any CPU
		{8B965C70-F7E0-45D2-8DB8-8F616E5D06E8}.Release|Any CPU.Build.0 = Release|Any CPU
	EndGlobalSection
	GlobalSection(SolutionProperties) = preSolution
		HideSolutionNode = FALSE
	EndGlobalSection
	GlobalSection(ExtensibilityGlobals) = postSolution
		SolutionGuid = {6BAA6719-3E92-4F02-A9FA-97F4B2A44EE6}
	EndGlobalSection
EndGlobal
